// !$*UTF8*$!
{
	archiveVersion = 1;
	classes = {
	};
	objectVersion = 46;
	objects = {

/* Begin PBXBuildFile section */
		B54F33451F173B490098D326 /* AppDelegate.swift in Sources */ = {isa = PBXBuildFile; fileRef = B54F33441F173B490098D326 /* AppDelegate.swift */; };
		B54F33471F173B4A0098D326 /* ViewController.swift in Sources */ = {isa = PBXBuildFile; fileRef = B54F33461F173B4A0098D326 /* ViewController.swift */; };
		B54F334A1F173B4A0098D326 /* Main.storyboard in Resources */ = {isa = PBXBuildFile; fileRef = B54F33481F173B4A0098D326 /* Main.storyboard */; };
		B54F334C1F173B4A0098D326 /* Assets.xcassets in Resources */ = {isa = PBXBuildFile; fileRef = B54F334B1F173B4A0098D326 /* Assets.xcassets */; };
		B54F334F1F173B4A0098D326 /* LaunchScreen.storyboard in Resources */ = {isa = PBXBuildFile; fileRef = B54F334D1F173B4A0098D326 /* LaunchScreen.storyboard */; };
		B54F335A1F173B4A0098D326 /* newworldTests.swift in Sources */ = {isa = PBXBuildFile; fileRef = B54F33591F173B4A0098D326 /* newworldTests.swift */; };
		B54F33651F173B4A0098D326 /* newworldUITests.swift in Sources */ = {isa = PBXBuildFile; fileRef = B54F33641F173B4A0098D326 /* newworldUITests.swift */; };
/* End PBXBuildFile section */

/* Begin PBXContainerItemProxy section */
		B54F33561F173B4A0098D326 /* PBXContainerItemProxy */ = {
			isa = PBXContainerItemProxy;
			containerPortal = B54F33391F173B490098D326 /* Project object */;
			proxyType = 1;
			remoteGlobalIDString = B54F33401F173B490098D326;
			remoteInfo = newworld;
		};
		B54F33611F173B4A0098D326 /* PBXContainerItemProxy */ = {
			isa = PBXContainerItemProxy;
			containerPortal = B54F33391F173B490098D326 /* Project object */;
			proxyType = 1;
			remoteGlobalIDString = B54F33401F173B490098D326;
			remoteInfo = newworld;
		};
/* End PBXContainerItemProxy section */

/* Begin PBXFileReference section */
		B54F33411F173B490098D326 /* newworld.app */ = {isa = PBXFileReference; explicitFileType = wrapper.application; includeInIndex = 0; path = newworld.app; sourceTree = BUILT_PRODUCTS_DIR; };
		B54F33441F173B490098D326 /* AppDelegate.swift */ = {isa = PBXFileReference; lastKnownFileType = sourcecode.swift; path = AppDelegate.swift; sourceTree = "<group>"; };
		B54F33461F173B4A0098D326 /* ViewController.swift */ = {isa = PBXFileReference; lastKnownFileType = sourcecode.swift; path = ViewController.swift; sourceTree = "<group>"; };
		B54F33491F173B4A0098D326 /* Base */ = {isa = PBXFileReference; lastKnownFileType = file.storyboard; name = Base; path = Base.lproj/Main.storyboard; sourceTree = "<group>"; };
		B54F334B1F173B4A0098D326 /* Assets.xcassets */ = {isa = PBXFileReference; lastKnownFileType = folder.assetcatalog; path = Assets.xcassets; sourceTree = "<group>"; };
		B54F334E1F173B4A0098D326 /* Base */ = {isa = PBXFileReference; lastKnownFileType = file.storyboard; name = Base; path = Base.lproj/LaunchScreen.storyboard; sourceTree = "<group>"; };
		B54F33501F173B4A0098D326 /* Info.plist */ = {isa = PBXFileReference; lastKnownFileType = text.plist.xml; path = Info.plist; sourceTree = "<group>"; };
		B54F33551F173B4A0098D326 /* newworldTests.xctest */ = {isa = PBXFileReference; explicitFileType = wrapper.cfbundle; includeInIndex = 0; path = newworldTests.xctest; sourceTree = BUILT_PRODUCTS_DIR; };
		B54F33591F173B4A0098D326 /* newworldTests.swift */ = {isa = PBXFileReference; lastKnownFileType = sourcecode.swift; path = newworldTests.swift; sourceTree = "<group>"; };
		B54F335B1F173B4A0098D326 /* Info.plist */ = {isa = PBXFileReference; lastKnownFileType = text.plist.xml; path = Info.plist; sourceTree = "<group>"; };
		B54F33601F173B4A0098D326 /* newworldUITests.xctest */ = {isa = PBXFileReference; explicitFileType = wrapper.cfbundle; includeInIndex = 0; path = newworldUITests.xctest; sourceTree = BUILT_PRODUCTS_DIR; };
		B54F33641F173B4A0098D326 /* newworldUITests.swift */ = {isa = PBXFileReference; lastKnownFileType = sourcecode.swift; path = newworldUITests.swift; sourceTree = "<group>"; };
		B54F33661F173B4A0098D326 /* Info.plist */ = {isa = PBXFileReference; lastKnownFileType = text.plist.xml; path = Info.plist; sourceTree = "<group>"; };
/* End PBXFileReference section */

/* Begin PBXFrameworksBuildPhase section */
		B54F333E1F173B490098D326 /* Frameworks */ = {
			isa = PBXFrameworksBuildPhase;
			buildActionMask = 2147483647;
			files = (
			);
			runOnlyForDeploymentPostprocessing = 0;
		};
		B54F33521F173B4A0098D326 /* Frameworks */ = {
			isa = PBXFrameworksBuildPhase;
			buildActionMask = 2147483647;
			files = (
			);
			runOnlyForDeploymentPostprocessing = 0;
		};
		B54F335D1F173B4A0098D326 /* Frameworks */ = {
			isa = PBXFrameworksBuildPhase;
			buildActionMask = 2147483647;
			files = (
			);
			runOnlyForDeploymentPostprocessing = 0;
		};
/* End PBXFrameworksBuildPhase section */

/* Begin PBXGroup section */
		B54F33381F173B490098D326 = {
			isa = PBXGroup;
			children = (
				B54F33431F173B490098D326 /* newworld */,
				B54F33581F173B4A0098D326 /* newworldTests */,
				B54F33631F173B4A0098D326 /* newworldUITests */,
				B54F33421F173B490098D326 /* Products */,
			);
			sourceTree = "<group>";
		};
		B54F33421F173B490098D326 /* Products */ = {
			isa = PBXGroup;
			children = (
				B54F33411F173B490098D326 /* newworld.app */,
				B54F33551F173B4A0098D326 /* newworldTests.xctest */,
				B54F33601F173B4A0098D326 /* newworldUITests.xctest */,
			);
			name = Products;
			sourceTree = "<group>";
		};
		B54F33431F173B490098D326 /* newworld */ = {
			isa = PBXGroup;
			children = (
				B54F33441F173B490098D326 /* AppDelegate.swift */,
				B54F33461F173B4A0098D326 /* ViewController.swift */,
				B54F33481F173B4A0098D326 /* Main.storyboard */,
				B54F334B1F173B4A0098D326 /* Assets.xcassets */,
				B54F334D1F173B4A0098D326 /* LaunchScreen.storyboard */,
				B54F33501F173B4A0098D326 /* Info.plist */,
			);
			path = newworld;
			sourceTree = "<group>";
		};
		B54F33581F173B4A0098D326 /* newworldTests */ = {
			isa = PBXGroup;
			children = (
				B54F33591F173B4A0098D326 /* newworldTests.swift */,
				B54F335B1F173B4A0098D326 /* Info.plist */,
			);
			path = newworldTests;
			sourceTree = "<group>";
		};
		B54F33631F173B4A0098D326 /* newworldUITests */ = {
			isa = PBXGroup;
			children = (
				B54F33641F173B4A0098D326 /* newworldUITests.swift */,
				B54F33661F173B4A0098D326 /* Info.plist */,
			);
			path = newworldUITests;
			sourceTree = "<group>";
		};
/* End PBXGroup section */

/* Begin PBXNativeTarget section */
		B54F33401F173B490098D326 /* newworld */ = {
			isa = PBXNativeTarget;
			buildConfigurationList = B54F33691F173B4A0098D326 /* Build configuration list for PBXNativeTarget "newworld" */;
			buildPhases = (
				B54F333D1F173B490098D326 /* Sources */,
				B54F333E1F173B490098D326 /* Frameworks */,
				B54F333F1F173B490098D326 /* Resources */,
			);
			buildRules = (
			);
			dependencies = (
			);
			name = newworld;
			productName = newworld;
			productReference = B54F33411F173B490098D326 /* newworld.app */;
			productType = "com.apple.product-type.application";
		};
		B54F33541F173B4A0098D326 /* newworldTests */ = {
			isa = PBXNativeTarget;
			buildConfigurationList = B54F336C1F173B4A0098D326 /* Build configuration list for PBXNativeTarget "newworldTests" */;
			buildPhases = (
				B54F33511F173B4A0098D326 /* Sources */,
				B54F33521F173B4A0098D326 /* Frameworks */,
				B54F33531F173B4A0098D326 /* Resources */,
			);
			buildRules = (
			);
			dependencies = (
				B54F33571F173B4A0098D326 /* PBXTargetDependency */,
			);
			name = newworldTests;
			productName = newworldTests;
			productReference = B54F33551F173B4A0098D326 /* newworldTests.xctest */;
			productType = "com.apple.product-type.bundle.unit-test";
		};
		B54F335F1F173B4A0098D326 /* newworldUITests */ = {
			isa = PBXNativeTarget;
			buildConfigurationList = B54F336F1F173B4A0098D326 /* Build configuration list for PBXNativeTarget "newworldUITests" */;
			buildPhases = (
				B54F335C1F173B4A0098D326 /* Sources */,
				B54F335D1F173B4A0098D326 /* Frameworks */,
				B54F335E1F173B4A0098D326 /* Resources */,
			);
			buildRules = (
			);
			dependencies = (
				B54F33621F173B4A0098D326 /* PBXTargetDependency */,
			);
			name = newworldUITests;
			productName = newworldUITests;
			productReference = B54F33601F173B4A0098D326 /* newworldUITests.xctest */;
			productType = "com.apple.product-type.bundle.ui-testing";
		};
/* End PBXNativeTarget section */

/* Begin PBXProject section */
		B54F33391F173B490098D326 /* Project object */ = {
			isa = PBXProject;
			attributes = {
				LastSwiftUpdateCheck = 0830;
				LastUpgradeCheck = 0830;
				ORGANIZATIONNAME = WorksDelight;
				TargetAttributes = {
					B54F33401F173B490098D326 = {
						CreatedOnToolsVersion = 8.3.3;
						ProvisioningStyle = Automatic;
					};
					B54F33541F173B4A0098D326 = {
						CreatedOnToolsVersion = 8.3.3;
						ProvisioningStyle = Automatic;
						TestTargetID = B54F33401F173B490098D326;
					};
					B54F335F1F173B4A0098D326 = {
						CreatedOnToolsVersion = 8.3.3;
						ProvisioningStyle = Automatic;
						TestTargetID = B54F33401F173B490098D326;
					};
				};
			};
			buildConfigurationList = B54F333C1F173B490098D326 /* Build configuration list for PBXProject "newworld" */;
			compatibilityVersion = "Xcode 3.2";
			developmentRegion = English;
			hasScannedForEncodings = 0;
			knownRegions = (
				en,
				Base,
			);
			mainGroup = B54F33381F173B490098D326;
			productRefGroup = B54F33421F173B490098D326 /* Products */;
			projectDirPath = "";
			projectRoot = "";
			targets = (
				B54F33401F173B490098D326 /* newworld */,
				B54F33541F173B4A0098D326 /* newworldTests */,
				B54F335F1F173B4A0098D326 /* newworldUITests */,
			);
		};
/* End PBXProject section */

/* Begin PBXResourcesBuildPhase section */
		B54F333F1F173B490098D326 /* Resources */ = {
			isa = PBXResourcesBuildPhase;
			buildActionMask = 2147483647;
			files = (
				B54F334F1F173B4A0098D326 /* LaunchScreen.storyboard in Resources */,
				B54F334C1F173B4A0098D326 /* Assets.xcassets in Resources */,
				B54F334A1F173B4A0098D326 /* Main.storyboard in Resources */,
			);
			runOnlyForDeploymentPostprocessing = 0;
		};
		B54F33531F173B4A0098D326 /* Resources */ = {
			isa = PBXResourcesBuildPhase;
			buildActionMask = 2147483647;
			files = (
			);
			runOnlyForDeploymentPostprocessing = 0;
		};
		B54F335E1F173B4A0098D326 /* Resources */ = {
			isa = PBXResourcesBuildPhase;
			buildActionMask = 2147483647;
			files = (
			);
			runOnlyForDeploymentPostprocessing = 0;
		};
/* End PBXResourcesBuildPhase section */

/* Begin PBXSourcesBuildPhase section */
		B54F333D1F173B490098D326 /* Sources */ = {
			isa = PBXSourcesBuildPhase;
			buildActionMask = 2147483647;
			files = (
				B54F33471F173B4A0098D326 /* ViewController.swift in Sources */,
				B54F33451F173B490098D326 /* AppDelegate.swift in Sources */,
			);
			runOnlyForDeploymentPostprocessing = 0;
		};
		B54F33511F173B4A0098D326 /* Sources */ = {
			isa = PBXSourcesBuildPhase;
			buildActionMask = 2147483647;
			files = (
				B54F335A1F173B4A0098D326 /* newworldTests.swift in Sources */,
			);
			runOnlyForDeploymentPostprocessing = 0;
		};
		B54F335C1F173B4A0098D326 /* Sources */ = {
			isa = PBXSourcesBuildPhase;
			buildActionMask = 2147483647;
			files = (
				B54F33651F173B4A0098D326 /* newworldUITests.swift in Sources */,
			);
			runOnlyForDeploymentPostprocessing = 0;
		};
/* End PBXSourcesBuildPhase section */

/* Begin PBXTargetDependency section */
		B54F33571F173B4A0098D326 /* PBXTargetDependency */ = {
			isa = PBXTargetDependency;
			target = B54F33401F173B490098D326 /* newworld */;
			targetProxy = B54F33561F173B4A0098D326 /* PBXContainerItemProxy */;
		};
		B54F33621F173B4A0098D326 /* PBXTargetDependency */ = {
			isa = PBXTargetDependency;
			target = B54F33401F173B490098D326 /* newworld */;
			targetProxy = B54F33611F173B4A0098D326 /* PBXContainerItemProxy */;
		};
/* End PBXTargetDependency section */

/* Begin PBXVariantGroup section */
		B54F33481F173B4A0098D326 /* Main.storyboard */ = {
			isa = PBXVariantGroup;
			children = (
				B54F33491F173B4A0098D326 /* Base */,
			);
			name = Main.storyboard;
			sourceTree = "<group>";
		};
		B54F334D1F173B4A0098D326 /* LaunchScreen.storyboard */ = {
			isa = PBXVariantGroup;
			children = (
				B54F334E1F173B4A0098D326 /* Base */,
			);
			name = LaunchScreen.storyboard;
			sourceTree = "<group>";
		};
/* End PBXVariantGroup section */

/* Begin XCBuildConfiguration section */
		B54F33671F173B4A0098D326 /* Debug */ = {
			isa = XCBuildConfiguration;
			buildSettings = {
				ALWAYS_SEARCH_USER_PATHS = NO;
				CLANG_ANALYZER_NONNULL = YES;
				CLANG_ANALYZER_NUMBER_OBJECT_CONVERSION = YES_AGGRESSIVE;
				CLANG_CXX_LANGUAGE_STANDARD = "gnu++0x";
				CLANG_CXX_LIBRARY = "libc++";
				CLANG_ENABLE_MODULES = YES;
				CLANG_ENABLE_OBJC_ARC = YES;
				CLANG_WARN_BOOL_CONVERSION = YES;
				CLANG_WARN_CONSTANT_CONVERSION = YES;
				CLANG_WARN_DIRECT_OBJC_ISA_USAGE = YES_ERROR;
				CLANG_WARN_DOCUMENTATION_COMMENTS = YES;
				CLANG_WARN_EMPTY_BODY = YES;
				CLANG_WARN_ENUM_CONVERSION = YES;
				CLANG_WARN_INFINITE_RECURSION = YES;
				CLANG_WARN_INT_CONVERSION = YES;
				CLANG_WARN_OBJC_ROOT_CLASS = YES_ERROR;
				CLANG_WARN_SUSPICIOUS_MOVE = YES;
				CLANG_WARN_UNREACHABLE_CODE = YES;
				CLANG_WARN__DUPLICATE_METHOD_MATCH = YES;
				"CODE_SIGN_IDENTITY[sdk=iphoneos*]" = "iPhone Developer";
				COPY_PHASE_STRIP = NO;
				DEBUG_INFORMATION_FORMAT = dwarf;
				ENABLE_STRICT_OBJC_MSGSEND = YES;
				ENABLE_TESTABILITY = YES;
				GCC_C_LANGUAGE_STANDARD = gnu99;
				GCC_DYNAMIC_NO_PIC = NO;
				GCC_NO_COMMON_BLOCKS = YES;
				GCC_OPTIMIZATION_LEVEL = 0;
				GCC_PREPROCESSOR_DEFINITIONS = (
					"DEBUG=1",
					"$(inherited)",
				);
				GCC_WARN_64_TO_32_BIT_CONVERSION = YES;
				GCC_WARN_ABOUT_RETURN_TYPE = YES_ERROR;
				GCC_WARN_UNDECLARED_SELECTOR = YES;
				GCC_WARN_UNINITIALIZED_AUTOS = YES_AGGRESSIVE;
				GCC_WARN_UNUSED_FUNCTION = YES;
				GCC_WARN_UNUSED_VARIABLE = YES;
				IPHONEOS_DEPLOYMENT_TARGET = 10.3;
				MTL_ENABLE_DEBUG_INFO = YES;
				ONLY_ACTIVE_ARCH = YES;
				SDKROOT = iphoneos;
				SWIFT_ACTIVE_COMPILATION_CONDITIONS = DEBUG;
				SWIFT_OPTIMIZATION_LEVEL = "-Onone";
				TARGETED_DEVICE_FAMILY = "1,2";
			};
			name = Debug;
		};
		B54F33681F173B4A0098D326 /* Release */ = {
			isa = XCBuildConfiguration;
			buildSettings = {
				ALWAYS_SEARCH_USER_PATHS = NO;
				CLANG_ANALYZER_NONNULL = YES;
				CLANG_ANALYZER_NUMBER_OBJECT_CONVERSION = YES_AGGRESSIVE;
				CLANG_CXX_LANGUAGE_STANDARD = "gnu++0x";
				CLANG_CXX_LIBRARY = "libc++";
				CLANG_ENABLE_MODULES = YES;
				CLANG_ENABLE_OBJC_ARC = YES;
				CLANG_WARN_BOOL_CONVERSION = YES;
				CLANG_WARN_CONSTANT_CONVERSION = YES;
				CLANG_WARN_DIRECT_OBJC_ISA_USAGE = YES_ERROR;
				CLANG_WARN_DOCUMENTATION_COMMENTS = YES;
				CLANG_WARN_EMPTY_BODY = YES;
				CLANG_WARN_ENUM_CONVERSION = YES;
				CLANG_WARN_INFINITE_RECURSION = YES;
				CLANG_WARN_INT_CONVERSION = YES;
				CLANG_WARN_OBJC_ROOT_CLASS = YES_ERROR;
				CLANG_WARN_SUSPICIOUS_MOVE = YES;
				CLANG_WARN_UNREACHABLE_CODE = YES;
				CLANG_WARN__DUPLICATE_METHOD_MATCH = YES;
				"CODE_SIGN_IDENTITY[sdk=iphoneos*]" = "iPhone Developer";
				COPY_PHASE_STRIP = NO;
				DEBUG_INFORMATION_FORMAT = "dwarf-with-dsym";
				ENABLE_NS_ASSERTIONS = NO;
				ENABLE_STRICT_OBJC_MSGSEND = YES;
				GCC_C_LANGUAGE_STANDARD = gnu99;
				GCC_NO_COMMON_BLOCKS = YES;
				GCC_WARN_64_TO_32_BIT_CONVERSION = YES;
				GCC_WARN_ABOUT_RETURN_TYPE = YES_ERROR;
				GCC_WARN_UNDECLARED_SELECTOR = YES;
				GCC_WARN_UNINITIALIZED_AUTOS = YES_AGGRESSIVE;
				GCC_WARN_UNUSED_FUNCTION = YES;
				GCC_WARN_UNUSED_VARIABLE = YES;
				IPHONEOS_DEPLOYMENT_TARGET = 10.3;
				MTL_ENABLE_DEBUG_INFO = NO;
				SDKROOT = iphoneos;
				SWIFT_OPTIMIZATION_LEVEL = "-Owholemodule";
				TARGETED_DEVICE_FAMILY = "1,2";
				VALIDATE_PRODUCT = YES;
			};
			name = Release;
		};
		B54F336A1F173B4A0098D326 /* Debug */ = {
			isa = XCBuildConfiguration;
			buildSettings = {
				ASSETCATALOG_COMPILER_APPICON_NAME = AppIcon;
				INFOPLIST_FILE = newworld/Info.plist;
				LD_RUNPATH_SEARCH_PATHS = "$(inherited) @executable_path/Frameworks";
				PRODUCT_BUNDLE_IDENTIFIER = dsds.newworld;
				PRODUCT_NAME = "$(TARGET_NAME)";
				SWIFT_VERSION = 3.0;
			};
			name = Debug;
		};
		B54F336B1F173B4A0098D326 /* Release */ = {
			isa = XCBuildConfiguration;
			buildSettings = {
				ASSETCATALOG_COMPILER_APPICON_NAME = AppIcon;
				INFOPLIST_FILE = newworld/Info.plist;
				LD_RUNPATH_SEARCH_PATHS = "$(inherited) @executable_path/Frameworks";
				PRODUCT_BUNDLE_IDENTIFIER = dsds.newworld;
				PRODUCT_NAME = "$(TARGET_NAME)";
				SWIFT_VERSION = 3.0;
			};
			name = Release;
		};
		B54F336D1F173B4A0098D326 /* Debug */ = {
			isa = XCBuildConfiguration;
			buildSettings = {
				ALWAYS_EMBED_SWIFT_STANDARD_LIBRARIES = YES;
				BUNDLE_LOADER = "$(TEST_HOST)";
				INFOPLIST_FILE = newworldTests/Info.plist;
				LD_RUNPATH_SEARCH_PATHS = "$(inherited) @executable_path/Frameworks @loader_path/Frameworks";
				PRODUCT_BUNDLE_IDENTIFIER = dsds.newworldTests;
				PRODUCT_NAME = "$(TARGET_NAME)";
				SWIFT_VERSION = 3.0;
				TEST_HOST = "$(BUILT_PRODUCTS_DIR)/newworld.app/newworld";
			};
			name = Debug;
		};
		B54F336E1F173B4A0098D326 /* Release */ = {
			isa = XCBuildConfiguration;
			buildSettings = {
				ALWAYS_EMBED_SWIFT_STANDARD_LIBRARIES = YES;
				BUNDLE_LOADER = "$(TEST_HOST)";
				INFOPLIST_FILE = newworldTests/Info.plist;
				LD_RUNPATH_SEARCH_PATHS = "$(inherited) @executable_path/Frameworks @loader_path/Frameworks";
				PRODUCT_BUNDLE_IDENTIFIER = dsds.newworldTests;
				PRODUCT_NAME = "$(TARGET_NAME)";
				SWIFT_VERSION = 3.0;
				TEST_HOST = "$(BUILT_PRODUCTS_DIR)/newworld.app/newworld";
			};
			name = Release;
		};
		B54F33701F173B4A0098D326 /* Debug */ = {
			isa = XCBuildConfiguration;
			buildSettings = {
				ALWAYS_EMBED_SWIFT_STANDARD_LIBRARIES = YES;
				INFOPLIST_FILE = newworldUITests/Info.plist;
				LD_RUNPATH_SEARCH_PATHS = "$(inherited) @executable_path/Frameworks @loader_path/Frameworks";
				PRODUCT_BUNDLE_IDENTIFIER = dsds.newworldUITests;
				PRODUCT_NAME = "$(TARGET_NAME)";
				SWIFT_VERSION = 3.0;
				TEST_TARGET_NAME = newworld;
			};
			name = Debug;
		};
		B54F33711F173B4A0098D326 /* Release */ = {
			isa = XCBuildConfiguration;
			buildSettings = {
				ALWAYS_EMBED_SWIFT_STANDARD_LIBRARIES = YES;
				INFOPLIST_FILE = newworldUITests/Info.plist;
				LD_RUNPATH_SEARCH_PATHS = "$(inherited) @executable_path/Frameworks @loader_path/Frameworks";
				PRODUCT_BUNDLE_IDENTIFIER = dsds.newworldUITests;
				PRODUCT_NAME = "$(TARGET_NAME)";
				SWIFT_VERSION = 3.0;
				TEST_TARGET_NAME = newworld;
			};
			name = Release;
		};
/* End XCBuildConfiguration section */

/* Begin XCConfigurationList section */
		B54F333C1F173B490098D326 /* Build configuration list for PBXProject "newworld" */ = {
			isa = XCConfigurationList;
			buildConfigurations = (
				B54F33671F173B4A0098D326 /* Debug */,
				B54F33681F173B4A0098D326 /* Release */,
			);
			defaultConfigurationIsVisible = 0;
			defaultConfigurationName = Release;
		};
		B54F33691F173B4A0098D326 /* Build configuration list for PBXNativeTarget "newworld" */ = {
			isa = XCConfigurationList;
			buildConfigurations = (
				B54F336A1F173B4A0098D326 /* Debug */,
				B54F336B1F173B4A0098D326 /* Release */,
			);
			defaultConfigurationIsVisible = 0;
		};
		B54F336C1F173B4A0098D326 /* Build configuration list for PBXNativeTarget "newworldTests" */ = {
			isa = XCConfigurationList;
			buildConfigurations = (
				B54F336D1F173B4A0098D326 /* Debug */,
				B54F336E1F173B4A0098D326 /* Release */,
			);
			defaultConfigurationIsVisible = 0;
		};
		B54F336F1F173B4A0098D326 /* Build configuration list for PBXNativeTarget "newworldUITests" */ = {
			isa = XCConfigurationList;
			buildConfigurations = (
				B54F33701F173B4A0098D326 /* Debug */,
				B54F33711F173B4A0098D326 /* Release */,
			);
			defaultConfigurationIsVisible = 0;
		};
/* End XCConfigurationList section */
	};
	rootObject = B54F33391F173B490098D326 /* Project object */;
}
